
Microsoft Visual Studio Solution File, Format Version 12.00
# Visual Studio Version 16
VisualStudioVersion = 16.0.29926.136
MinimumVisualStudioVersion = 10.0.40219.1
Project("{FAE04EC0-301F-11D3-BF4B-00C04F79EFBC}") = "MUSEApp.Android", "MUSEApp\MUSEApp.Android\MUSEApp.Android.csproj", "{DC6F67F1-1B1B-4BB5-9C82-0655131FCE2A}"
EndProject
Project("{FAE04EC0-301F-11D3-BF4B-00C04F79EFBC}") = "MUSEApp.iOS", "MUSEApp\MUSEApp.iOS\MUSEApp.iOS.csproj", "{6E5C1129-262F-401A-981D-407A95C971C2}"
EndProject
Project("{9A19103F-16F7-4668-BE54-9A1E7A4F7556}") = "MUSEApp", "MUSEApp\MUSEApp\MUSEApp.csproj", "{25769109-398F-40D4-96BF-0D815A1DF720}"
EndProject
Project("{9A19103F-16F7-4668-BE54-9A1E7A4F7556}") = "MUSEWebService", "MUSEWebService\MUSEWebService.csproj", "{B98F27D1-D8EF-4939-BAF8-DCA7467BE329}"
EndProject
Project("{FAE04EC0-301F-11D3-BF4B-00C04F79EFBC}") = "MUSECommonLibrary", "MUSECommonLibrary\MUSECommonLibrary.csproj", "{114084BA-FF48-4ECD-A7A9-24E13E8D6E3B}"
EndProject
Project("{8BC9CEB8-8B4A-11D0-8D11-00A0C91BC942}") = "CPP", "CPP\CPP.vcxproj", "{7316DCA5-8CE2-4AB9-9FE9-91C55F73A807}"
EndProject
Project("{8BC9CEB8-8B4A-11D0-8D11-00A0C91BC942}") = "CPPLibrary", "CPPLibrary\CPPLibrary.vcxproj", "{61F02979-EAFE-42DE-8F71-9EF698BC5A6E}"
EndProject
Project("{FAE04EC0-301F-11D3-BF4B-00C04F79EFBC}") = "TestAPP", "TestAPP\TestAPP.csproj", "{1DC19594-1DA6-44E7-BBD0-AD9BA90BF8B3}"
EndProject
Global
	GlobalSection(SolutionConfigurationPlatforms) = preSolution
		Debug|Any CPU = Debug|Any CPU
		Debug|iPhone = Debug|iPhone
		Debug|iPhoneSimulator = Debug|iPhoneSimulator
		Debug|x64 = Debug|x64
		Debug|x86 = Debug|x86
		Release|Any CPU = Release|Any CPU
		Release|iPhone = Release|iPhone
		Release|iPhoneSimulator = Release|iPhoneSimulator
		Release|x64 = Release|x64
		Release|x86 = Release|x86
	EndGlobalSection
	GlobalSection(ProjectConfigurationPlatforms) = postSolution
		{DC6F67F1-1B1B-4BB5-9C82-0655131FCE2A}.Debug|Any CPU.ActiveCfg = Debug|Any CPU
		{DC6F67F1-1B1B-4BB5-9C82-0655131FCE2A}.Debug|Any CPU.Build.0 = Debug|Any CPU
		{DC6F67F1-1B1B-4BB5-9C82-0655131FCE2A}.Debug|Any CPU.Deploy.0 = Debug|Any CPU
		{DC6F67F1-1B1B-4BB5-9C82-0655131FCE2A}.Debug|iPhone.ActiveCfg = Debug|Any CPU
		{DC6F67F1-1B1B-4BB5-9C82-0655131FCE2A}.Debug|iPhone.Build.0 = Debug|Any CPU
		{DC6F67F1-1B1B-4BB5-9C82-0655131FCE2A}.Debug|iPhone.Deploy.0 = Debug|Any CPU
		{DC6F67F1-1B1B-4BB5-9C82-0655131FCE2A}.Debug|iPhoneSimulator.ActiveCfg = Debug|Any CPU
		{DC6F67F1-1B1B-4BB5-9C82-0655131FCE2A}.Debug|iPhoneSimulator.Build.0 = Debug|Any CPU
		{DC6F67F1-1B1B-4BB5-9C82-0655131FCE2A}.Debug|iPhoneSimulator.Deploy.0 = Debug|Any CPU
		{DC6F67F1-1B1B-4BB5-9C82-0655131FCE2A}.Debug|x64.ActiveCfg = Debug|Any CPU
		{DC6F67F1-1B1B-4BB5-9C82-0655131FCE2A}.Debug|x64.Build.0 = Debug|Any CPU
		{DC6F67F1-1B1B-4BB5-9C82-0655131FCE2A}.Debug|x64.Deploy.0 = Debug|Any CPU
		{DC6F67F1-1B1B-4BB5-9C82-0655131FCE2A}.Debug|x86.ActiveCfg = Debug|Any CPU
		{DC6F67F1-1B1B-4BB5-9C82-0655131FCE2A}.Debug|x86.Build.0 = Debug|Any CPU
		{DC6F67F1-1B1B-4BB5-9C82-0655131FCE2A}.Debug|x86.Deploy.0 = Debug|Any CPU
		{DC6F67F1-1B1B-4BB5-9C82-0655131FCE2A}.Release|Any CPU.ActiveCfg = Release|Any CPU
		{DC6F67F1-1B1B-4BB5-9C82-0655131FCE2A}.Release|Any CPU.Build.0 = Release|Any CPU
		{DC6F67F1-1B1B-4BB5-9C82-0655131FCE2A}.Release|Any CPU.Deploy.0 = Release|Any CPU
		{DC6F67F1-1B1B-4BB5-9C82-0655131FCE2A}.Release|iPhone.ActiveCfg = Release|Any CPU
		{DC6F67F1-1B1B-4BB5-9C82-0655131FCE2A}.Release|iPhone.Build.0 = Release|Any CPU
		{DC6F67F1-1B1B-4BB5-9C82-0655131FCE2A}.Release|iPhone.Deploy.0 = Release|Any CPU
		{DC6F67F1-1B1B-4BB5-9C82-0655131FCE2A}.Release|iPhoneSimulator.ActiveCfg = Release|Any CPU
		{DC6F67F1-1B1B-4BB5-9C82-0655131FCE2A}.Release|iPhoneSimulator.Build.0 = Release|Any CPU
		{DC6F67F1-1B1B-4BB5-9C82-0655131FCE2A}.Release|iPhoneSimulator.Deploy.0 = Release|Any CPU
		{DC6F67F1-1B1B-4BB5-9C82-0655131FCE2A}.Release|x64.ActiveCfg = Release|Any CPU
		{DC6F67F1-1B1B-4BB5-9C82-0655131FCE2A}.Release|x64.Build.0 = Release|Any CPU
		{DC6F67F1-1B1B-4BB5-9C82-0655131FCE2A}.Release|x64.Deploy.0 = Release|Any CPU
		{DC6F67F1-1B1B-4BB5-9C82-0655131FCE2A}.Release|x86.ActiveCfg = Release|Any CPU
		{DC6F67F1-1B1B-4BB5-9C82-0655131FCE2A}.Release|x86.Build.0 = Release|Any CPU
		{DC6F67F1-1B1B-4BB5-9C82-0655131FCE2A}.Release|x86.Deploy.0 = Release|Any CPU
		{6E5C1129-262F-401A-981D-407A95C971C2}.Debug|Any CPU.ActiveCfg = Debug|iPhone
		{6E5C1129-262F-401A-981D-407A95C971C2}.Debug|Any CPU.Build.0 = Debug|iPhone
		{6E5C1129-262F-401A-981D-407A95C971C2}.Debug|Any CPU.Deploy.0 = Debug|iPhone
		{6E5C1129-262F-401A-981D-407A95C971C2}.Debug|iPhone.ActiveCfg = Debug|iPhone
		{6E5C1129-262F-401A-981D-407A95C971C2}.Debug|iPhone.Build.0 = Debug|iPhone
		{6E5C1129-262F-401A-981D-407A95C971C2}.Debug|iPhone.Deploy.0 = Debug|iPhone
		{6E5C1129-262F-401A-981D-407A95C971C2}.Debug|iPhoneSimulator.ActiveCfg = Debug|iPhoneSimulator
		{6E5C1129-262F-401A-981D-407A95C971C2}.Debug|iPhoneSimulator.Build.0 = Debug|iPhoneSimulator
		{6E5C1129-262F-401A-981D-407A95C971C2}.Debug|iPhoneSimulator.Deploy.0 = Debug|iPhoneSimulator
		{6E5C1129-262F-401A-981D-407A95C971C2}.Debug|x64.ActiveCfg = Debug|iPhoneSimulator
		{6E5C1129-262F-401A-981D-407A95C971C2}.Debug|x86.ActiveCfg = Debug|iPhoneSimulator
		{6E5C1129-262F-401A-981D-407A95C971C2}.Release|Any CPU.ActiveCfg = Release|iPhone
		{6E5C1129-262F-401A-981D-407A95C971C2}.Release|Any CPU.Build.0 = Release|iPhone
		{6E5C1129-262F-401A-981D-407A95C971C2}.Release|Any CPU.Deploy.0 = Release|iPhone
		{6E5C1129-262F-401A-981D-407A95C971C2}.Release|iPhone.ActiveCfg = Release|iPhone
		{6E5C1129-262F-401A-981D-407A95C971C2}.Release|iPhone.Build.0 = Release|iPhone
		{6E5C1129-262F-401A-981D-407A95C971C2}.Release|iPhone.Deploy.0 = Release|iPhone
		{6E5C1129-262F-401A-981D-407A95C971C2}.Release|iPhoneSimulator.ActiveCfg = Release|iPhoneSimulator
		{6E5C1129-262F-401A-981D-407A95C971C2}.Release|iPhoneSimulator.Build.0 = Release|iPhoneSimulator
		{6E5C1129-262F-401A-981D-407A95C971C2}.Release|iPhoneSimulator.Deploy.0 = Release|iPhoneSimulator
		{6E5C1129-262F-401A-981D-407A95C971C2}.Release|x64.ActiveCfg = Release|iPhoneSimulator
		{6E5C1129-262F-401A-981D-407A95C971C2}.Release|x86.ActiveCfg = Release|iPhoneSimulator
		{25769109-398F-40D4-96BF-0D815A1DF720}.Debug|Any CPU.ActiveCfg = Debug|Any CPU
		{25769109-398F-40D4-96BF-0D815A1DF720}.Debug|Any CPU.Build.0 = Debug|Any CPU
		{25769109-398F-40D4-96BF-0D815A1DF720}.Debug|Any CPU.Deploy.0 = Debug|Any CPU
		{25769109-398F-40D4-96BF-0D815A1DF720}.Debug|iPhone.ActiveCfg = Debug|Any CPU
		{25769109-398F-40D4-96BF-0D815A1DF720}.Debug|iPhone.Build.0 = Debug|Any CPU
		{25769109-398F-40D4-96BF-0D815A1DF720}.Debug|iPhone.Deploy.0 = Debug|Any CPU
		{25769109-398F-40D4-96BF-0D815A1DF720}.Debug|iPhoneSimulator.ActiveCfg = Debug|Any CPU
		{25769109-398F-40D4-96BF-0D815A1DF720}.Debug|iPhoneSimulator.Build.0 = Debug|Any CPU
		{25769109-398F-40D4-96BF-0D815A1DF720}.Debug|iPhoneSimulator.Deploy.0 = Debug|Any CPU
		{25769109-398F-40D4-96BF-0D815A1DF720}.Debug|x64.ActiveCfg = Debug|Any CPU
		{25769109-398F-40D4-96BF-0D815A1DF720}.Debug|x64.Build.0 = Debug|Any CPU
		{25769109-398F-40D4-96BF-0D815A1DF720}.Debug|x86.ActiveCfg = Debug|Any CPU
		{25769109-398F-40D4-96BF-0D815A1DF720}.Debug|x86.Build.0 = Debug|Any CPU
		{25769109-398F-40D4-96BF-0D815A1DF720}.Release|Any CPU.ActiveCfg = Release|Any CPU
		{25769109-398F-40D4-96BF-0D815A1DF720}.Release|Any CPU.Build.0 = Release|Any CPU
		{25769109-398F-40D4-96BF-0D815A1DF720}.Release|Any CPU.Deploy.0 = Release|Any CPU
		{25769109-398F-40D4-96BF-0D815A1DF720}.Release|iPhone.ActiveCfg = Release|Any CPU
		{25769109-398F-40D4-96BF-0D815A1DF720}.Release|iPhone.Build.0 = Release|Any CPU
		{25769109-398F-40D4-96BF-0D815A1DF720}.Release|iPhone.Deploy.0 = Release|Any CPU
		{25769109-398F-40D4-96BF-0D815A1DF720}.Release|iPhoneSimulator.ActiveCfg = Release|Any CPU
		{25769109-398F-40D4-96BF-0D815A1DF720}.Release|iPhoneSimulator.Build.0 = Release|Any CPU
		{25769109-398F-40D4-96BF-0D815A1DF720}.Release|iPhoneSimulator.Deploy.0 = Release|Any CPU
		{25769109-398F-40D4-96BF-0D815A1DF720}.Release|x64.ActiveCfg = Release|Any CPU
		{25769109-398F-40D4-96BF-0D815A1DF720}.Release|x64.Build.0 = Release|Any CPU
		{25769109-398F-40D4-96BF-0D815A1DF720}.Release|x86.ActiveCfg = Release|Any CPU
		{25769109-398F-40D4-96BF-0D815A1DF720}.Release|x86.Build.0 = Release|Any CPU
		{B98F27D1-D8EF-4939-BAF8-DCA7467BE329}.Debug|Any CPU.ActiveCfg = Debug|Any CPU
		{B98F27D1-D8EF-4939-BAF8-DCA7467BE329}.Debug|Any CPU.Build.0 = Debug|Any CPU
		{B98F27D1-D8EF-4939-BAF8-DCA7467BE329}.Debug|iPhone.ActiveCfg = Debug|Any CPU
		{B98F27D1-D8EF-4939-BAF8-DCA7467BE329}.Debug|iPhone.Build.0 = Debug|Any CPU
		{B98F27D1-D8EF-4939-BAF8-DCA7467BE329}.Debug|iPhoneSimulator.ActiveCfg = Debug|Any CPU
		{B98F27D1-D8EF-4939-BAF8-DCA7467BE329}.Debug|iPhoneSimulator.Build.0 = Debug|Any CPU
		{B98F27D1-D8EF-4939-BAF8-DCA7467BE329}.Debug|x64.ActiveCfg = Debug|Any CPU
		{B98F27D1-D8EF-4939-BAF8-DCA7467BE329}.Debug|x64.Build.0 = Debug|Any CPU
		{B98F27D1-D8EF-4939-BAF8-DCA7467BE329}.Debug|x86.ActiveCfg = Debug|Any CPU
		{B98F27D1-D8EF-4939-BAF8-DCA7467BE329}.Debug|x86.Build.0 = Debug|Any CPU
		{B98F27D1-D8EF-4939-BAF8-DCA7467BE329}.Release|Any CPU.ActiveCfg = Release|Any CPU
		{B98F27D1-D8EF-4939-BAF8-DCA7467BE329}.Release|Any CPU.Build.0 = Release|Any CPU
		{B98F27D1-D8EF-4939-BAF8-DCA7467BE329}.Release|iPhone.ActiveCfg = Release|Any CPU
		{B98F27D1-D8EF-4939-BAF8-DCA7467BE329}.Release|iPhone.Build.0 = Release|Any CPU
		{B98F27D1-D8EF-4939-BAF8-DCA7467BE329}.Release|iPhoneSimulator.ActiveCfg = Release|Any CPU
		{B98F27D1-D8EF-4939-BAF8-DCA7467BE329}.Release|iPhoneSimulator.Build.0 = Release|Any CPU
		{B98F27D1-D8EF-4939-BAF8-DCA7467BE329}.Release|x64.ActiveCfg = Release|Any CPU
		{B98F27D1-D8EF-4939-BAF8-DCA7467BE329}.Release|x64.Build.0 = Release|Any CPU
		{B98F27D1-D8EF-4939-BAF8-DCA7467BE329}.Release|x86.ActiveCfg = Release|Any CPU
		{B98F27D1-D8EF-4939-BAF8-DCA7467BE329}.Release|x86.Build.0 = Release|Any CPU
		{114084BA-FF48-4ECD-A7A9-24E13E8D6E3B}.Debug|Any CPU.ActiveCfg = Debug|Any CPU
		{114084BA-FF48-4ECD-A7A9-24E13E8D6E3B}.Debug|Any CPU.Build.0 = Debug|Any CPU
		{114084BA-FF48-4ECD-A7A9-24E13E8D6E3B}.Debug|iPhone.ActiveCfg = Debug|Any CPU
		{114084BA-FF48-4ECD-A7A9-24E13E8D6E3B}.Debug|iPhone.Build.0 = Debug|Any CPU
		{114084BA-FF48-4ECD-A7A9-24E13E8D6E3B}.Debug|iPhoneSimulator.ActiveCfg = Debug|Any CPU
		{114084BA-FF48-4ECD-A7A9-24E13E8D6E3B}.Debug|iPhoneSimulator.Build.0 = Debug|Any CPU
		{114084BA-FF48-4ECD-A7A9-24E13E8D6E3B}.Debug|x64.ActiveCfg = Debug|Any CPU
		{114084BA-FF48-4ECD-A7A9-24E13E8D6E3B}.Debug|x64.Build.0 = Debug|Any CPU
		{114084BA-FF48-4ECD-A7A9-24E13E8D6E3B}.Debug|x86.ActiveCfg = Debug|Any CPU
		{114084BA-FF48-4ECD-A7A9-24E13E8D6E3B}.Debug|x86.Build.0 = Debug|Any CPU
		{114084BA-FF48-4ECD-A7A9-24E13E8D6E3B}.Release|Any CPU.ActiveCfg = Release|Any CPU
		{114084BA-FF48-4ECD-A7A9-24E13E8D6E3B}.Release|Any CPU.Build.0 = Release|Any CPU
		{114084BA-FF48-4ECD-A7A9-24E13E8D6E3B}.Release|iPhone.ActiveCfg = Release|Any CPU
		{114084BA-FF48-4ECD-A7A9-24E13E8D6E3B}.Release|iPhone.Build.0 = Release|Any CPU
		{114084BA-FF48-4ECD-A7A9-24E13E8D6E3B}.Release|iPhoneSimulator.ActiveCfg = Release|Any CPU
		{114084BA-FF48-4ECD-A7A9-24E13E8D6E3B}.Release|iPhoneSimulator.Build.0 = Release|Any CPU
		{114084BA-FF48-4ECD-A7A9-24E13E8D6E3B}.Release|x64.ActiveCfg = Release|Any CPU
		{114084BA-FF48-4ECD-A7A9-24E13E8D6E3B}.Release|x64.Build.0 = Release|Any CPU
		{114084BA-FF48-4ECD-A7A9-24E13E8D6E3B}.Release|x86.ActiveCfg = Release|Any CPU
		{114084BA-FF48-4ECD-A7A9-24E13E8D6E3B}.Release|x86.Build.0 = Release|Any CPU
		{7316DCA5-8CE2-4AB9-9FE9-91C55F73A807}.Debug|Any CPU.ActiveCfg = Debug|Win32
		{7316DCA5-8CE2-4AB9-9FE9-91C55F73A807}.Debug|iPhone.ActiveCfg = Debug|Win32
		{7316DCA5-8CE2-4AB9-9FE9-91C55F73A807}.Debug|iPhoneSimulator.ActiveCfg = Debug|Win32
		{7316DCA5-8CE2-4AB9-9FE9-91C55F73A807}.Debug|x64.ActiveCfg = Debug|x64
		{7316DCA5-8CE2-4AB9-9FE9-91C55F73A807}.Debug|x64.Build.0 = Debug|x64
		{7316DCA5-8CE2-4AB9-9FE9-91C55F73A807}.Debug|x86.ActiveCfg = Debug|Win32
		{7316DCA5-8CE2-4AB9-9FE9-91C55F73A807}.Debug|x86.Build.0 = Debug|Win32
		{7316DCA5-8CE2-4AB9-9FE9-91C55F73A807}.Release|Any CPU.ActiveCfg = Release|Win32
		{7316DCA5-8CE2-4AB9-9FE9-91C55F73A807}.Release|iPhone.ActiveCfg = Release|Win32
		{7316DCA5-8CE2-4AB9-9FE9-91C55F73A807}.Release|iPhoneSimulator.ActiveCfg = Release|Win32
		{7316DCA5-8CE2-4AB9-9FE9-91C55F73A807}.Release|x64.ActiveCfg = Release|x64
		{7316DCA5-8CE2-4AB9-9FE9-91C55F73A807}.Release|x64.Build.0 = Release|x64
		{7316DCA5-8CE2-4AB9-9FE9-91C55F73A807}.Release|x86.ActiveCfg = Release|Win32
		{7316DCA5-8CE2-4AB9-9FE9-91C55F73A807}.Release|x86.Build.0 = Release|Win32
		{61F02979-EAFE-42DE-8F71-9EF698BC5A6E}.Debug|Any CPU.ActiveCfg = Debug|Win32
		{61F02979-EAFE-42DE-8F71-9EF698BC5A6E}.Debug|iPhone.ActiveCfg = Debug|Win32
		{61F02979-EAFE-42DE-8F71-9EF698BC5A6E}.Debug|iPhoneSimulator.ActiveCfg = Debug|Win32
		{61F02979-EAFE-42DE-8F71-9EF698BC5A6E}.Debug|x64.ActiveCfg = Debug|x64
		{61F02979-EAFE-42DE-8F71-9EF698BC5A6E}.Debug|x64.Build.0 = Debug|x64
		{61F02979-EAFE-42DE-8F71-9EF698BC5A6E}.Debug|x86.ActiveCfg = Debug|Win32
		{61F02979-EAFE-42DE-8F71-9EF698BC5A6E}.Debug|x86.Build.0 = Debug|Win32
		{61F02979-EAFE-42DE-8F71-9EF698BC5A6E}.Release|Any CPU.ActiveCfg = Release|Win32
		{61F02979-EAFE-42DE-8F71-9EF698BC5A6E}.Release|iPhone.ActiveCfg = Release|Win32
		{61F02979-EAFE-42DE-8F71-9EF698BC5A6E}.Release|iPhoneSimulator.ActiveCfg = Release|Win32
		{61F02979-EAFE-42DE-8F71-9EF698BC5A6E}.Release|x64.ActiveCfg = Release|x64
		{61F02979-EAFE-42DE-8F71-9EF698BC5A6E}.Release|x64.Build.0 = Release|x64
		{61F02979-EAFE-42DE-8F71-9EF698BC5A6E}.Release|x86.ActiveCfg = Release|Win32
		{61F02979-EAFE-42DE-8F71-9EF698BC5A6E}.Release|x86.Build.0 = Release|Win32
		{1DC19594-1DA6-44E7-BBD0-AD9BA90BF8B3}.Debug|Any CPU.ActiveCfg = Debug|Any CPU
		{1DC19594-1DA6-44E7-BBD0-AD9BA90BF8B3}.Debug|Any CPU.Build.0 = Debug|Any CPU
		{1DC19594-1DA6-44E7-BBD0-AD9BA90BF8B3}.Debug|iPhone.ActiveCfg = Debug|Any CPU
		{1DC19594-1DA6-44E7-BBD0-AD9BA90BF8B3}.Debug|iPhone.Build.0 = Debug|Any CPU
		{1DC19594-1DA6-44E7-BBD0-AD9BA90BF8B3}.Debug|iPhoneSimulator.ActiveCfg = Debug|Any CPU
		{1DC19594-1DA6-44E7-BBD0-AD9BA90BF8B3}.Debug|iPhoneSimulator.Build.0 = Debug|Any CPU
		{1DC19594-1DA6-44E7-BBD0-AD9BA90BF8B3}.Debug|x64.ActiveCfg = Debug|Any CPU
		{1DC19594-1DA6-44E7-BBD0-AD9BA90BF8B3}.Debug|x64.Build.0 = Debug|Any CPU
		{1DC19594-1DA6-44E7-BBD0-AD9BA90BF8B3}.Debug|x86.ActiveCfg = Debug|Any CPU
		{1DC19594-1DA6-44E7-BBD0-AD9BA90BF8B3}.Debug|x86.Build.0 = Debug|Any CPU
		{1DC19594-1DA6-44E7-BBD0-AD9BA90BF8B3}.Release|Any CPU.ActiveCfg = Release|Any CPU
		{1DC19594-1DA6-44E7-BBD0-AD9BA90BF8B3}.Release|Any CPU.Build.0 = Release|Any CPU
		{1DC19594-1DA6-44E7-BBD0-AD9BA90BF8B3}.Release|iPhone.ActiveCfg = Release|Any CPU
		{1DC19594-1DA6-44E7-BBD0-AD9BA90BF8B3}.Release|iPhone.Build.0 = Release|Any CPU
		{1DC19594-1DA6-44E7-BBD0-AD9BA90BF8B3}.Release|iPhoneSimulator.ActiveCfg = Release|Any CPU
		{1DC19594-1DA6-44E7-BBD0-AD9BA90BF8B3}.Release|iPhoneSimulator.Build.0 = Release|Any CPU
		{1DC19594-1DA6-44E7-BBD0-AD9BA90BF8B3}.Release|x64.ActiveCfg = Release|Any CPU
		{1DC19594-1DA6-44E7-BBD0-AD9BA90BF8B3}.Release|x64.Build.0 = Release|Any CPU
		{1DC19594-1DA6-44E7-BBD0-AD9BA90BF8B3}.Release|x86.ActiveCfg = Release|Any CPU
		{1DC19594-1DA6-44E7-BBD0-AD9BA90BF8B3}.Release|x86.Build.0 = Release|Any CPU
	EndGlobalSection
	GlobalSection(SolutionProperties) = preSolution
		HideSolutionNode = FALSE
	EndGlobalSection
	GlobalSection(ExtensibilityGlobals) = postSolution
		SolutionGuid = {3CD768B8-53AE-4FC9-A86E-92DBB718E306}
	EndGlobalSection
EndGlobal
